
Microsoft Visual Studio Solution File, Format Version 12.00
# Visual Studio Version 17
VisualStudioVersion = 17.9.34701.34
MinimumVisualStudioVersion = 10.0.40219.1
Project("{9A19103F-16F7-4668-BE54-9A1E7A4F7556}") = "FestivalInstrumentMapper", "FestivalInstrumentMapper.csproj", "{38E066EA-A173-4E86-9E51-3CA580FFB436}"
EndProject
Global
	GlobalSection(SolutionConfigurationPlatforms) = preSolution
		Debug|Any CPU = Debug|Any CPU
		Debug|x64 = Debug|x64
		Release|Any CPU = Release|Any CPU
		Release|x64 = Release|x64
	EndGlobalSection
	GlobalSection(ProjectConfigurationPlatforms) = postSolution
		{38E066EA-A173-4E86-9E51-3CA580FFB436}.Debug|Any CPU.ActiveCfg = Debug|Any CPU
		{38E066EA-A173-4E86-9E51-3CA580FFB436}.Debug|Any CPU.Build.0 = Debug|Any CPU
		{38E066EA-A173-4E86-9E51-3CA580FFB436}.Debug|x64.ActiveCfg = Debug|x64
		{38E066EA-A173-4E86-9E51-3CA580FFB436}.Debug|x64.Build.0 = Debug|x64
		{38E066EA-A173-4E86-9E51-3CA580FFB436}.Release|Any CPU.ActiveCfg = Release|Any CPU
		{38E066EA-A173-4E86-9E51-3CA580FFB436}.Release|Any CPU.Build.0 = Release|Any CPU
		{38E066EA-A173-4E86-9E51-3CA580FFB436}.Release|x64.ActiveCfg = Release|x64
		{38E066EA-A173-4E86-9E51-3CA580FFB436}.Release|x64.Build.0 = Release|x64
	EndGlobalSection
	GlobalSection(SolutionProperties) = preSolution
		HideSolutionNode = FALSE
	EndGlobalSection
	GlobalSection(ExtensibilityGlobals) = postSolution
		SolutionGuid = {57811FAB-7D7F-4497-B76B-90A2C47B6A0E}
	EndGlobalSection
EndGlobal
